// !$*UTF8*$!
{
	archiveVersion = 1;
	classes = {
	};
	objectVersion = 50;
	objects = {

/* Begin PBXBuildFile section */
		A2F194A42181724600FCCA11 /* AppDelegate.swift in Sources */ = {isa = PBXBuildFile; fileRef = A2F194A32181724600FCCA11 /* AppDelegate.swift */; };
		A2F194A62181724600FCCA11 /* ViewController.swift in Sources */ = {isa = PBXBuildFile; fileRef = A2F194A52181724600FCCA11 /* ViewController.swift */; };
		A2F194A92181724600FCCA11 /* Main.storyboard in Resources */ = {isa = PBXBuildFile; fileRef = A2F194A72181724600FCCA11 /* Main.storyboard */; };
		A2F194AB2181724800FCCA11 /* Assets.xcassets in Resources */ = {isa = PBXBuildFile; fileRef = A2F194AA2181724800FCCA11 /* Assets.xcassets */; };
		A2F194AE2181724800FCCA11 /* LaunchScreen.storyboard in Resources */ = {isa = PBXBuildFile; fileRef = A2F194AC2181724800FCCA11 /* LaunchScreen.storyboard */; };
		D44AE5671727F8C61A3770CF /* Pods_StylishMenuScrollBar.framework in Frameworks */ = {isa = PBXBuildFile; fileRef = 6CA255E9BF5274167F6A9990 /* Pods_StylishMenuScrollBar.framework */; };
/* End PBXBuildFile section */

/* Begin PBXFileReference section */
		0BC2DD5387C153024601CD94 /* Pods-StylishMenuScrollBar.debug.xcconfig */ = {isa = PBXFileReference; includeInIndex = 1; lastKnownFileType = text.xcconfig; name = "Pods-StylishMenuScrollBar.debug.xcconfig"; path = "Pods/Target Support Files/Pods-StylishMenuScrollBar/Pods-StylishMenuScrollBar.debug.xcconfig"; sourceTree = "<group>"; };
		5366C48534303500D6C0DD3A /* Pods-StylishMenuScrollBar.release.xcconfig */ = {isa = PBXFileReference; includeInIndex = 1; lastKnownFileType = text.xcconfig; name = "Pods-StylishMenuScrollBar.release.xcconfig"; path = "Pods/Target Support Files/Pods-StylishMenuScrollBar/Pods-StylishMenuScrollBar.release.xcconfig"; sourceTree = "<group>"; };
		6CA255E9BF5274167F6A9990 /* Pods_StylishMenuScrollBar.framework */ = {isa = PBXFileReference; explicitFileType = wrapper.framework; includeInIndex = 0; path = Pods_StylishMenuScrollBar.framework; sourceTree = BUILT_PRODUCTS_DIR; };
		A2F194A02181724600FCCA11 /* StylishMenuScrollBar.app */ = {isa = PBXFileReference; explicitFileType = wrapper.application; includeInIndex = 0; path = StylishMenuScrollBar.app; sourceTree = BUILT_PRODUCTS_DIR; };
		A2F194A32181724600FCCA11 /* AppDelegate.swift */ = {isa = PBXFileReference; lastKnownFileType = sourcecode.swift; path = AppDelegate.swift; sourceTree = "<group>"; };
		A2F194A52181724600FCCA11 /* ViewController.swift */ = {isa = PBXFileReference; lastKnownFileType = sourcecode.swift; path = ViewController.swift; sourceTree = "<group>"; };
		A2F194A82181724600FCCA11 /* Base */ = {isa = PBXFileReference; lastKnownFileType = file.storyboard; name = Base; path = Base.lproj/Main.storyboard; sourceTree = "<group>"; };
		A2F194AA2181724800FCCA11 /* Assets.xcassets */ = {isa = PBXFileReference; lastKnownFileType = folder.assetcatalog; path = Assets.xcassets; sourceTree = "<group>"; };
		A2F194AD2181724800FCCA11 /* Base */ = {isa = PBXFileReference; lastKnownFileType = file.storyboard; name = Base; path = Base.lproj/LaunchScreen.storyboard; sourceTree = "<group>"; };
		A2F194AF2181724800FCCA11 /* Info.plist */ = {isa = PBXFileReference; lastKnownFileType = text.plist.xml; path = Info.plist; sourceTree = "<group>"; };
/* End PBXFileReference section */

/* Begin PBXFrameworksBuildPhase section */
		A2F1949D2181724600FCCA11 /* Frameworks */ = {
			isa = PBXFrameworksBuildPhase;
			buildActionMask = 2147483647;
			files = (
				D44AE5671727F8C61A3770CF /* Pods_StylishMenuScrollBar.framework in Frameworks */,
			);
			runOnlyForDeploymentPostprocessing = 0;
		};
/* End PBXFrameworksBuildPhase section */

/* Begin PBXGroup section */
		A2F194972181724600FCCA11 = {
			isa = PBXGroup;
			children = (
				A2F194A22181724600FCCA11 /* StylishMenuScrollBar */,
				A2F194A12181724600FCCA11 /* Products */,
				F003631F264F75ED37566808 /* Pods */,
				F13CE4223857A73EF64C4956 /* Frameworks */,
			);
			sourceTree = "<group>";
		};
		A2F194A12181724600FCCA11 /* Products */ = {
			isa = PBXGroup;
			children = (
				A2F194A02181724600FCCA11 /* StylishMenuScrollBar.app */,
			);
			name = Products;
			sourceTree = "<group>";
		};
		A2F194A22181724600FCCA11 /* StylishMenuScrollBar */ = {
			isa = PBXGroup;
			children = (
				A2F194A32181724600FCCA11 /* AppDelegate.swift */,
				A2F194A52181724600FCCA11 /* ViewController.swift */,
				A2F194A72181724600FCCA11 /* Main.storyboard */,
				A2F194AA2181724800FCCA11 /* Assets.xcassets */,
				A2F194AC2181724800FCCA11 /* LaunchScreen.storyboard */,
				A2F194AF2181724800FCCA11 /* Info.plist */,
			);
			path = StylishMenuScrollBar;
			sourceTree = "<group>";
		};
		F003631F264F75ED37566808 /* Pods */ = {
			isa = PBXGroup;
			children = (
				0BC2DD5387C153024601CD94 /* Pods-StylishMenuScrollBar.debug.xcconfig */,
				5366C48534303500D6C0DD3A /* Pods-StylishMenuScrollBar.release.xcconfig */,
			);
			name = Pods;
			sourceTree = "<group>";
		};
		F13CE4223857A73EF64C4956 /* Frameworks */ = {
			isa = PBXGroup;
			children = (
				6CA255E9BF5274167F6A9990 /* Pods_StylishMenuScrollBar.framework */,
			);
			name = Frameworks;
			sourceTree = "<group>";
		};
/* End PBXGroup section */

/* Begin PBXNativeTarget section */
		A2F1949F2181724600FCCA11 /* StylishMenuScrollBar */ = {
			isa = PBXNativeTarget;
			buildConfigurationList = A2F194B22181724800FCCA11 /* Build configuration list for PBXNativeTarget "StylishMenuScrollBar" */;
			buildPhases = (
				EE42EDF1B8F5154A75713C05 /* [CP] Check Pods Manifest.lock */,
				A2F1949C2181724600FCCA11 /* Sources */,
				A2F1949D2181724600FCCA11 /* Frameworks */,
				A2F1949E2181724600FCCA11 /* Resources */,
				1A231158170A90175438EA28 /* [CP] Embed Pods Frameworks */,
			);
			buildRules = (
			);
			dependencies = (
			);
			name = StylishMenuScrollBar;
			productName = StylishMenuScrollBar;
			productReference = A2F194A02181724600FCCA11 /* StylishMenuScrollBar.app */;
			productType = "com.apple.product-type.application";
		};
/* End PBXNativeTarget section */

/* Begin PBXProject section */
		A2F194982181724600FCCA11 /* Project object */ = {
			isa = PBXProject;
			attributes = {
				LastSwiftUpdateCheck = 1000;
				LastUpgradeCheck = 1000;
				ORGANIZATIONNAME = "park kyung suk";
				TargetAttributes = {
					A2F1949F2181724600FCCA11 = {
						CreatedOnToolsVersion = 10.0;
					};
				};
			};
			buildConfigurationList = A2F1949B2181724600FCCA11 /* Build configuration list for PBXProject "StylishMenuScrollBar" */;
			compatibilityVersion = "Xcode 9.3";
			developmentRegion = en;
			hasScannedForEncodings = 0;
			knownRegions = (
				en,
				Base,
			);
			mainGroup = A2F194972181724600FCCA11;
			productRefGroup = A2F194A12181724600FCCA11 /* Products */;
			projectDirPath = "";
			projectRoot = "";
			targets = (
				A2F1949F2181724600FCCA11 /* StylishMenuScrollBar */,
			);
		};
/* End PBXProject section */

/* Begin PBXResourcesBuildPhase section */
		A2F1949E2181724600FCCA11 /* Resources */ = {
			isa = PBXResourcesBuildPhase;
			buildActionMask = 2147483647;
			files = (
				A2F194AE2181724800FCCA11 /* LaunchScreen.storyboard in Resources */,
				A2F194AB2181724800FCCA11 /* Assets.xcassets in Resources */,
				A2F194A92181724600FCCA11 /* Main.storyboard in Resources */,
			);
			runOnlyForDeploymentPostprocessing = 0;
		};
/* End PBXResourcesBuildPhase section */

/* Begin PBXShellScriptBuildPhase section */
		1A231158170A90175438EA28 /* [CP] Embed Pods Frameworks */ = {
			isa = PBXShellScriptBuildPhase;
			buildActionMask = 2147483647;
			files = (
			);
			inputPaths = (
				"${SRCROOT}/Pods/Target Support Files/Pods-StylishMenuScrollBar/Pods-StylishMenuScrollBar-frameworks.sh",
				"${BUILT_PRODUCTS_DIR}/R.swift.Library/Rswift.framework",
			);
			name = "[CP] Embed Pods Frameworks";
			outputPaths = (
				"${TARGET_BUILD_DIR}/${FRAMEWORKS_FOLDER_PATH}/Rswift.framework",
			);
			runOnlyForDeploymentPostprocessing = 0;
			shellPath = /bin/sh;
			shellScript = "\"${SRCROOT}/Pods/Target Support Files/Pods-StylishMenuScrollBar/Pods-StylishMenuScrollBar-frameworks.sh\"\n";
			showEnvVarsInLog = 0;
		};
		EE42EDF1B8F5154A75713C05 /* [CP] Check Pods Manifest.lock */ = {
			isa = PBXShellScriptBuildPhase;
			buildActionMask = 2147483647;
			files = (
			);
			inputPaths = (
				"${PODS_PODFILE_DIR_PATH}/Podfile.lock",
				"${PODS_ROOT}/Manifest.lock",
			);
			name = "[CP] Check Pods Manifest.lock";
			outputPaths = (
				"$(DERIVED_FILE_DIR)/Pods-StylishMenuScrollBar-checkManifestLockResult.txt",
			);
			runOnlyForDeploymentPostprocessing = 0;
			shellPath = /bin/sh;
			shellScript = "diff \"${PODS_PODFILE_DIR_PATH}/Podfile.lock\" \"${PODS_ROOT}/Manifest.lock\" > /dev/null\nif [ $? != 0 ] ; then\n    # print error to STDERR\n    echo \"error: The sandbox is not in sync with the Podfile.lock. Run 'pod install' or update your CocoaPods installation.\" >&2\n    exit 1\nfi\n# This output is used by Xcode 'outputs' to avoid re-running this script phase.\necho \"SUCCESS\" > \"${SCRIPT_OUTPUT_FILE_0}\"\n";
			showEnvVarsInLog = 0;
		};
/* End PBXShellScriptBuildPhase section */

/* Begin PBXSourcesBuildPhase section */
		A2F1949C2181724600FCCA11 /* Sources */ = {
			isa = PBXSourcesBuildPhase;
			buildActionMask = 2147483647;
			files = (
				A2F194A62181724600FCCA11 /* ViewController.swift in Sources */,
				A2F194A42181724600FCCA11 /* AppDelegate.swift in Sources */,
			);
			runOnlyForDeploymentPostprocessing = 0;
		};
/* End PBXSourcesBuildPhase section */

/* Begin PBXVariantGroup section */
		A2F194A72181724600FCCA11 /* Main.storyboard */ = {
			isa = PBXVariantGroup;
			children = (
				A2F194A82181724600FCCA11 /* Base */,
			);
			name = Main.storyboard;
			sourceTree = "<group>";
		};
		A2F194AC2181724800FCCA11 /* LaunchScreen.storyboard */ = {
			isa = PBXVariantGroup;
			children = (
				A2F194AD2181724800FCCA11 /* Base */,
			);
			name = LaunchScreen.storyboard;
			sourceTree = "<group>";
		};
/* End PBXVariantGroup section */

/* Begin XCBuildConfiguration section */
		A2F194B02181724800FCCA11 /* Debug */ = {
			isa = XCBuildConfiguration;
			buildSettings = {
				ALWAYS_SEARCH_USER_PATHS = NO;
				CLANG_ANALYZER_NONNULL = YES;
				CLANG_ANALYZER_NUMBER_OBJECT_CONVERSION = YES_AGGRESSIVE;
				CLANG_CXX_LANGUAGE_STANDARD = "gnu++14";
				CLANG_CXX_LIBRARY = "libc++";
				CLANG_ENABLE_MODULES = YES;
				CLANG_ENABLE_OBJC_ARC = YES;
				CLANG_ENABLE_OBJC_WEAK = YES;
				CLANG_WARN_BLOCK_CAPTURE_AUTORELEASING = YES;
				CLANG_WARN_BOOL_CONVERSION = YES;
				CLANG_WARN_COMMA = YES;
				CLANG_WARN_CONSTANT_CONVERSION = YES;
				CLANG_WARN_DEPRECATED_OBJC_IMPLEMENTATIONS = YES;
				CLANG_WARN_DIRECT_OBJC_ISA_USAGE = YES_ERROR;
				CLANG_WARN_DOCUMENTATION_COMMENTS = YES;
				CLANG_WARN_EMPTY_BODY = YES;
				CLANG_WARN_ENUM_CONVERSION = YES;
				CLANG_WARN_INFINITE_RECURSION = YES;
				CLANG_WARN_INT_CONVERSION = YES;
				CLANG_WARN_NON_LITERAL_NULL_CONVERSION = YES;
				CLANG_WARN_OBJC_IMPLICIT_RETAIN_SELF = YES;
				CLANG_WARN_OBJC_LITERAL_CONVERSION = YES;
				CLANG_WARN_OBJC_ROOT_CLASS = YES_ERROR;
				CLANG_WARN_RANGE_LOOP_ANALYSIS = YES;
				CLANG_WARN_STRICT_PROTOTYPES = YES;
				CLANG_WARN_SUSPICIOUS_MOVE = YES;
				CLANG_WARN_UNGUARDED_AVAILABILITY = YES_AGGRESSIVE;
				CLANG_WARN_UNREACHABLE_CODE = YES;
				CLANG_WARN__DUPLICATE_METHOD_MATCH = YES;
				CODE_SIGN_IDENTITY = "iPhone Developer";
				COPY_PHASE_STRIP = NO;
				DEBUG_INFORMATION_FORMAT = dwarf;
				ENABLE_STRICT_OBJC_MSGSEND = YES;
				ENABLE_TESTABILITY = YES;
				GCC_C_LANGUAGE_STANDARD = gnu11;
				GCC_DYNAMIC_NO_PIC = NO;
				GCC_NO_COMMON_BLOCKS = YES;
				GCC_OPTIMIZATION_LEVEL = 0;
				GCC_PREPROCESSOR_DEFINITIONS = (
					"DEBUG=1",
					"$(inherited)",
				);
				GCC_WARN_64_TO_32_BIT_CONVERSION = YES;
				GCC_WARN_ABOUT_RETURN_TYPE = YES_ERROR;
				GCC_WARN_UNDECLARED_SELECTOR = YES;
				GCC_WARN_UNINITIALIZED_AUTOS = YES_AGGRESSIVE;
				GCC_WARN_UNUSED_FUNCTION = YES;
				GCC_WARN_UNUSED_VARIABLE = YES;
				IPHONEOS_DEPLOYMENT_TARGET = 12.0;
				MTL_ENABLE_DEBUG_INFO = INCLUDE_SOURCE;
				MTL_FAST_MATH = YES;
				ONLY_ACTIVE_ARCH = YES;
				SDKROOT = iphoneos;
				SWIFT_ACTIVE_COMPILATION_CONDITIONS = DEBUG;
				SWIFT_OPTIMIZATION_LEVEL = "-Onone";
			};
			name = Debug;
		};
		A2F194B12181724800FCCA11 /* Release */ = {
			isa = XCBuildConfiguration;
			buildSettings = {
				ALWAYS_SEARCH_USER_PATHS = NO;
				CLANG_ANALYZER_NONNULL = YES;
				CLANG_ANALYZER_NUMBER_OBJECT_CONVERSION = YES_AGGRESSIVE;
				CLANG_CXX_LANGUAGE_STANDARD = "gnu++14";
				CLANG_CXX_LIBRARY = "libc++";
				CLANG_ENABLE_MODULES = YES;
				CLANG_ENABLE_OBJC_ARC = YES;
				CLANG_ENABLE_OBJC_WEAK = YES;
				CLANG_WARN_BLOCK_CAPTURE_AUTORELEASING = YES;
				CLANG_WARN_BOOL_CONVERSION = YES;
				CLANG_WARN_COMMA = YES;
				CLANG_WARN_CONSTANT_CONVERSION = YES;
				CLANG_WARN_DEPRECATED_OBJC_IMPLEMENTATIONS = YES;
				CLANG_WARN_DIRECT_OBJC_ISA_USAGE = YES_ERROR;
				CLANG_WARN_DOCUMENTATION_COMMENTS = YES;
				CLANG_WARN_EMPTY_BODY = YES;
				CLANG_WARN_ENUM_CONVERSION = YES;
				CLANG_WARN_INFINITE_RECURSION = YES;
				CLANG_WARN_INT_CONVERSION = YES;
				CLANG_WARN_NON_LITERAL_NULL_CONVERSION = YES;
				CLANG_WARN_OBJC_IMPLICIT_RETAIN_SELF = YES;
				CLANG_WARN_OBJC_LITERAL_CONVERSION = YES;
				CLANG_WARN_OBJC_ROOT_CLASS = YES_ERROR;
				CLANG_WARN_RANGE_LOOP_ANALYSIS = YES;
				CLANG_WARN_STRICT_PROTOTYPES = YES;
				CLANG_WARN_SUSPICIOUS_MOVE = YES;
				CLANG_WARN_UNGUARDED_AVAILABILITY = YES_AGGRESSIVE;
				CLANG_WARN_UNREACHABLE_CODE = YES;
				CLANG_WARN__DUPLICATE_METHOD_MATCH = YES;
				CODE_SIGN_IDENTITY = "iPhone Developer";
				COPY_PHASE_STRIP = NO;
				DEBUG_INFORMATION_FORMAT = "dwarf-with-dsym";
				ENABLE_NS_ASSERTIONS = NO;
				ENABLE_STRICT_OBJC_MSGSEND = YES;
				GCC_C_LANGUAGE_STANDARD = gnu11;
				GCC_NO_COMMON_BLOCKS = YES;
				GCC_WARN_64_TO_32_BIT_CONVERSION = YES;
				GCC_WARN_ABOUT_RETURN_TYPE = YES_ERROR;
				GCC_WARN_UNDECLARED_SELECTOR = YES;
				GCC_WARN_UNINITIALIZED_AUTOS = YES_AGGRESSIVE;
				GCC_WARN_UNUSED_FUNCTION = YES;
				GCC_WARN_UNUSED_VARIABLE = YES;
				IPHONEOS_DEPLOYMENT_TARGET = 12.0;
				MTL_ENABLE_DEBUG_INFO = NO;
				MTL_FAST_MATH = YES;
				SDKROOT = iphoneos;
				SWIFT_COMPILATION_MODE = wholemodule;
				SWIFT_OPTIMIZATION_LEVEL = "-O";
				VALIDATE_PRODUCT = YES;
			};
			name = Release;
		};
		A2F194B32181724800FCCA11 /* Debug */ = {
			isa = XCBuildConfiguration;
			baseConfigurationReference = 0BC2DD5387C153024601CD94 /* Pods-StylishMenuScrollBar.debug.xcconfig */;
			buildSettings = {
				ASSETCATALOG_COMPILER_APPICON_NAME = AppIcon;
				CODE_SIGN_STYLE = Automatic;
				DEVELOPMENT_TEAM = 4NG4Y8JK7B;
				INFOPLIST_FILE = StylishMenuScrollBar/Info.plist;
				LD_RUNPATH_SEARCH_PATHS = (
					"$(inherited)",
					"@executable_path/Frameworks",
				);
				PRODUCT_BUNDLE_IDENTIFIER = ninimepaku.StylishMenuScrollBar;
				PRODUCT_NAME = "$(TARGET_NAME)";
				SWIFT_VERSION = 4.2;
				TARGETED_DEVICE_FAMILY = "1,2";
			};
			name = Debug;
		};
		A2F194B42181724800FCCA11 /* Release */ = {
			isa = XCBuildConfiguration;
			baseConfigurationReference = 5366C48534303500D6C0DD3A /* Pods-StylishMenuScrollBar.release.xcconfig */;
			buildSettings = {
				ASSETCATALOG_COMPILER_APPICON_NAME = AppIcon;
				CODE_SIGN_STYLE = Automatic;
				DEVELOPMENT_TEAM = 4NG4Y8JK7B;
				INFOPLIST_FILE = StylishMenuScrollBar/Info.plist;
				LD_RUNPATH_SEARCH_PATHS = (
					"$(inherited)",
					"@executable_path/Frameworks",
				);
				PRODUCT_BUNDLE_IDENTIFIER = ninimepaku.StylishMenuScrollBar;
				PRODUCT_NAME = "$(TARGET_NAME)";
				SWIFT_VERSION = 4.2;
				TARGETED_DEVICE_FAMILY = "1,2";
			};
			name = Release;
		};
/* End XCBuildConfiguration section */

/* Begin XCConfigurationList section */
		A2F1949B2181724600FCCA11 /* Build configuration list for PBXProject "StylishMenuScrollBar" */ = {
			isa = XCConfigurationList;
			buildConfigurations = (
				A2F194B02181724800FCCA11 /* Debug */,
				A2F194B12181724800FCCA11 /* Release */,
			);
			defaultConfigurationIsVisible = 0;
			defaultConfigurationName = Release;
		};
		A2F194B22181724800FCCA11 /* Build configuration list for PBXNativeTarget "StylishMenuScrollBar" */ = {
			isa = XCConfigurationList;
			buildConfigurations = (
				A2F194B32181724800FCCA11 /* Debug */,
				A2F194B42181724800FCCA11 /* Release */,
			);
			defaultConfigurationIsVisible = 0;
			defaultConfigurationName = Release;
		};
/* End XCConfigurationList section */
	};
	rootObject = A2F194982181724600FCCA11 /* Project object */;
}
